github.com/brianvoe/gofakeit/v6 v6.4.1 h1:u4lPnxVNr648hEyoIz31A8zrQl5woUQbCgqjAj/n/Y4=
github.com/brianvoe/gofakeit/v6 v6.4.1/go.mod h1:palrJUk4Fyw38zIFB/uBZqsgzW5VsNllhHKKwAebzew=
github.com/garyburd/redigo v1.6.2 h1:yE/pwKCrbLpLpQICzYTeZ7JsTA/C53wFTJHaEtRqniM=
github.com/garyburd/redigo v1.6.2/go.mod h1:NR3MbYisc3/PwhQ00EMzDiPmrwpPxAn5GI05/YaO1SY=
